
Microsoft Visual Studio Solution File, Format Version 12.00
# Visual Studio Version 17
VisualStudioVersion = 17.13.35931.197 d17.13
MinimumVisualStudioVersion = 10.0.40219.1
Project("{FAE04EC0-301F-11D3-BF4B-00C04F79EFBC}") = "SolutionBanque", "SolutionBanque\SolutionBanque.csproj", "{3F1D1D11-0DDD-4618-8F3B-0513F3BAB25D}"
EndProject
Global
	GlobalSection(SolutionConfigurationPlatforms) = preSolution
		Debug|Any CPU = Debug|Any CPU
		Release|Any CPU = Release|Any CPU
	EndGlobalSection
	GlobalSection(ProjectConfigurationPlatforms) = postSolution
		{3F1D1D11-0DDD-4618-8F3B-0513F3BAB25D}.Debug|Any CPU.ActiveCfg = Debug|Any CPU
		{3F1D1D11-0DDD-4618-8F3B-0513F3BAB25D}.Debug|Any CPU.Build.0 = Debug|Any CPU
		{3F1D1D11-0DDD-4618-8F3B-0513F3BAB25D}.Release|Any CPU.ActiveCfg = Release|Any CPU
		{3F1D1D11-0DDD-4618-8F3B-0513F3BAB25D}.Release|Any CPU.Build.0 = Release|Any CPU
	EndGlobalSection
	GlobalSection(SolutionProperties) = preSolution
		HideSolutionNode = FALSE
	EndGlobalSection
	GlobalSection(ExtensibilityGlobals) = postSolution
		SolutionGuid = {87A2307A-AAAA-4F8B-A497-C10097FB9B05}
	EndGlobalSection
EndGlobal
